{
  "requires": true,
  "lockfileVersion": 1,
  "dependencies": {
    "@angular/animations": {
      "version": "5.2.10",
      "resolved": "https://registry.npmjs.org/@angular/animations/-/animations-5.2.10.tgz",
      "integrity": "sha512-QNYXqnti8BeFriNaZ/juLnO6l0MVlVNUmLycC9ma+pdTiEJl8rtgZ0WXxgOCjScyKpInkWn2J+m9FI/78SYFpw==",
      "requires": {
        "tslib": "1.9.0"
      }
    },
    "@angular/cdk": {
      "version": "5.2.5",
      "resolved": "https://registry.npmjs.org/@angular/cdk/-/cdk-5.2.5.tgz",
      "integrity": "sha512-GN8m1d+VcCE9+Bgwv06Y8YJKyZ0i9ZIq2ZPBcJYt+KVgnVVRg4JkyUNxud07LNsvzOX22DquHqmIZiC4hAG7Ag==",
      "requires": {
        "tslib": "1.9.0"
      }
    },
    "@angular/material": {
      "version": "5.2.5",
      "resolved": "https://registry.npmjs.org/@angular/material/-/material-5.2.5.tgz",
      "integrity": "sha512-IltfBeTJWnmZehOQNQ7KoFs7MGWuZTe0g21hIitGkusVNt1cIoTD24xKH5jwztjH19c04IgiwonpurMKM6pBCQ==",
      "requires": {
        "tslib": "1.9.0"
      }
    },
    "jquery": {
      "version": "3.3.1",
      "resolved": "https://registry.npmjs.org/jquery/-/jquery-3.3.1.tgz",
      "integrity": "sha512-Ubldcmxp5np52/ENotGxlLe6aGMvmF4R8S6tZjsP6Knsaxd/xp3Zrh50cG93lR6nPXyUFwzN3ZSOQI0wRJNdGg=="
    },
    "tslib": {
      "version": "1.9.0",
      "resolved": "https://registry.npmjs.org/tslib/-/tslib-1.9.0.tgz",
      "integrity": "sha512-f/qGG2tUkrISBlQZEjEqoZ3B2+npJjIf04H1wuAv9iA8i04Icp+61KRXxFdha22670NJopsZCIjhC3SnjPRKrQ=="
    }
  }
}
